
Microsoft Visual Studio Solution File, Format Version 12.00
# Visual Studio 15
VisualStudioVersion = 15.0.28307.572
MinimumVisualStudioVersion = 15.0.26124.0
Project("{9A19103F-16F7-4668-BE54-9A1E7A4F7556}") = "Api.Auth", "Api.Auth\Api.Auth.csproj", "{8825C9F0-3AFC-40DC-B824-DA8351CC1CCE}"
EndProject
Project("{9A19103F-16F7-4668-BE54-9A1E7A4F7556}") = "Api.Content", "Api.Content\Api.Content.csproj", "{07451B52-2E44-4C62-975D-8DE4721E043F}"
EndProject
Project("{9A19103F-16F7-4668-BE54-9A1E7A4F7556}") = "Api.Farm", "Api.Farm\Api.Farm.csproj", "{C42E1891-481A-4ACE-B533-0FE490F2B8C3}"
EndProject
Project("{9A19103F-16F7-4668-BE54-9A1E7A4F7556}") = "Api.Gateway", "Api.Gateway\Api.Gateway.csproj", "{3B6857ED-EAFC-44F7-873E-4D4405411711}"
EndProject
Project("{9A19103F-16F7-4668-BE54-9A1E7A4F7556}") = "Coco.Business", "Coco.Business\Coco.Business.csproj", "{A472821D-69DB-44BC-A2E7-58DD72D3DFA8}"
EndProject
Project("{9A19103F-16F7-4668-BE54-9A1E7A4F7556}") = "Coco.Common", "Coco.Common\Coco.Common.csproj", "{95495033-90F9-4878-8A91-756E44831317}"
EndProject
Project("{9A19103F-16F7-4668-BE54-9A1E7A4F7556}") = "Coco.Contract", "Coco.Contract\Coco.Contract.csproj", "{B75BFB8C-336F-467D-BA1A-E607C4E1C67C}"
EndProject
Project("{9A19103F-16F7-4668-BE54-9A1E7A4F7556}") = "Coco.DAL", "Coco.DAL\Coco.DAL.csproj", "{C40DEF11-A164-4545-AD13-EC009AAC6437}"
EndProject
Project("{9A19103F-16F7-4668-BE54-9A1E7A4F7556}") = "Coco.Entities", "Coco.Entities\Coco.Entities.csproj", "{B4D28B8C-F60E-44BA-9D87-7430FFE59D5E}"
EndProject
Project("{9A19103F-16F7-4668-BE54-9A1E7A4F7556}") = "Coco.UserDAL", "Coco.UserDAL\Coco.UserDAL.csproj", "{F9AABEF5-2997-48EB-B4EC-B45C9A6E0D4C}"
EndProject
Project("{FAE04EC0-301F-11D3-BF4B-00C04F79EFBC}") = "Coco.Api.Framework", "Coco.Api.Framework\Coco.Api.Framework.csproj", "{043AF4A0-F538-4BDE-977A-EFFA195D4B66}"
EndProject
Global
	GlobalSection(SolutionConfigurationPlatforms) = preSolution
		Debug|Any CPU = Debug|Any CPU
		Debug|x64 = Debug|x64
		Debug|x86 = Debug|x86
		Release|Any CPU = Release|Any CPU
		Release|x64 = Release|x64
		Release|x86 = Release|x86
	EndGlobalSection
	GlobalSection(ProjectConfigurationPlatforms) = postSolution
		{8825C9F0-3AFC-40DC-B824-DA8351CC1CCE}.Debug|Any CPU.ActiveCfg = Debug|Any CPU
		{8825C9F0-3AFC-40DC-B824-DA8351CC1CCE}.Debug|Any CPU.Build.0 = Debug|Any CPU
		{8825C9F0-3AFC-40DC-B824-DA8351CC1CCE}.Debug|x64.ActiveCfg = Debug|Any CPU
		{8825C9F0-3AFC-40DC-B824-DA8351CC1CCE}.Debug|x64.Build.0 = Debug|Any CPU
		{8825C9F0-3AFC-40DC-B824-DA8351CC1CCE}.Debug|x86.ActiveCfg = Debug|Any CPU
		{8825C9F0-3AFC-40DC-B824-DA8351CC1CCE}.Debug|x86.Build.0 = Debug|Any CPU
		{8825C9F0-3AFC-40DC-B824-DA8351CC1CCE}.Release|Any CPU.ActiveCfg = Release|Any CPU
		{8825C9F0-3AFC-40DC-B824-DA8351CC1CCE}.Release|Any CPU.Build.0 = Release|Any CPU
		{8825C9F0-3AFC-40DC-B824-DA8351CC1CCE}.Release|x64.ActiveCfg = Release|Any CPU
		{8825C9F0-3AFC-40DC-B824-DA8351CC1CCE}.Release|x64.Build.0 = Release|Any CPU
		{8825C9F0-3AFC-40DC-B824-DA8351CC1CCE}.Release|x86.ActiveCfg = Release|Any CPU
		{8825C9F0-3AFC-40DC-B824-DA8351CC1CCE}.Release|x86.Build.0 = Release|Any CPU
		{07451B52-2E44-4C62-975D-8DE4721E043F}.Debug|Any CPU.ActiveCfg = Debug|Any CPU
		{07451B52-2E44-4C62-975D-8DE4721E043F}.Debug|Any CPU.Build.0 = Debug|Any CPU
		{07451B52-2E44-4C62-975D-8DE4721E043F}.Debug|x64.ActiveCfg = Debug|Any CPU
		{07451B52-2E44-4C62-975D-8DE4721E043F}.Debug|x64.Build.0 = Debug|Any CPU
		{07451B52-2E44-4C62-975D-8DE4721E043F}.Debug|x86.ActiveCfg = Debug|Any CPU
		{07451B52-2E44-4C62-975D-8DE4721E043F}.Debug|x86.Build.0 = Debug|Any CPU
		{07451B52-2E44-4C62-975D-8DE4721E043F}.Release|Any CPU.ActiveCfg = Release|Any CPU
		{07451B52-2E44-4C62-975D-8DE4721E043F}.Release|Any CPU.Build.0 = Release|Any CPU
		{07451B52-2E44-4C62-975D-8DE4721E043F}.Release|x64.ActiveCfg = Release|Any CPU
		{07451B52-2E44-4C62-975D-8DE4721E043F}.Release|x64.Build.0 = Release|Any CPU
		{07451B52-2E44-4C62-975D-8DE4721E043F}.Release|x86.ActiveCfg = Release|Any CPU
		{07451B52-2E44-4C62-975D-8DE4721E043F}.Release|x86.Build.0 = Release|Any CPU
		{C42E1891-481A-4ACE-B533-0FE490F2B8C3}.Debug|Any CPU.ActiveCfg = Debug|Any CPU
		{C42E1891-481A-4ACE-B533-0FE490F2B8C3}.Debug|Any CPU.Build.0 = Debug|Any CPU
		{C42E1891-481A-4ACE-B533-0FE490F2B8C3}.Debug|x64.ActiveCfg = Debug|Any CPU
		{C42E1891-481A-4ACE-B533-0FE490F2B8C3}.Debug|x64.Build.0 = Debug|Any CPU
		{C42E1891-481A-4ACE-B533-0FE490F2B8C3}.Debug|x86.ActiveCfg = Debug|Any CPU
		{C42E1891-481A-4ACE-B533-0FE490F2B8C3}.Debug|x86.Build.0 = Debug|Any CPU
		{C42E1891-481A-4ACE-B533-0FE490F2B8C3}.Release|Any CPU.ActiveCfg = Release|Any CPU
		{C42E1891-481A-4ACE-B533-0FE490F2B8C3}.Release|Any CPU.Build.0 = Release|Any CPU
		{C42E1891-481A-4ACE-B533-0FE490F2B8C3}.Release|x64.ActiveCfg = Release|Any CPU
		{C42E1891-481A-4ACE-B533-0FE490F2B8C3}.Release|x64.Build.0 = Release|Any CPU
		{C42E1891-481A-4ACE-B533-0FE490F2B8C3}.Release|x86.ActiveCfg = Release|Any CPU
		{C42E1891-481A-4ACE-B533-0FE490F2B8C3}.Release|x86.Build.0 = Release|Any CPU
		{3B6857ED-EAFC-44F7-873E-4D4405411711}.Debug|Any CPU.ActiveCfg = Debug|Any CPU
		{3B6857ED-EAFC-44F7-873E-4D4405411711}.Debug|Any CPU.Build.0 = Debug|Any CPU
		{3B6857ED-EAFC-44F7-873E-4D4405411711}.Debug|x64.ActiveCfg = Debug|Any CPU
		{3B6857ED-EAFC-44F7-873E-4D4405411711}.Debug|x64.Build.0 = Debug|Any CPU
		{3B6857ED-EAFC-44F7-873E-4D4405411711}.Debug|x86.ActiveCfg = Debug|Any CPU
		{3B6857ED-EAFC-44F7-873E-4D4405411711}.Debug|x86.Build.0 = Debug|Any CPU
		{3B6857ED-EAFC-44F7-873E-4D4405411711}.Release|Any CPU.ActiveCfg = Release|Any CPU
		{3B6857ED-EAFC-44F7-873E-4D4405411711}.Release|Any CPU.Build.0 = Release|Any CPU
		{3B6857ED-EAFC-44F7-873E-4D4405411711}.Release|x64.ActiveCfg = Release|Any CPU
		{3B6857ED-EAFC-44F7-873E-4D4405411711}.Release|x64.Build.0 = Release|Any CPU
		{3B6857ED-EAFC-44F7-873E-4D4405411711}.Release|x86.ActiveCfg = Release|Any CPU
		{3B6857ED-EAFC-44F7-873E-4D4405411711}.Release|x86.Build.0 = Release|Any CPU
		{A472821D-69DB-44BC-A2E7-58DD72D3DFA8}.Debug|Any CPU.ActiveCfg = Debug|Any CPU
		{A472821D-69DB-44BC-A2E7-58DD72D3DFA8}.Debug|Any CPU.Build.0 = Debug|Any CPU
		{A472821D-69DB-44BC-A2E7-58DD72D3DFA8}.Debug|x64.ActiveCfg = Debug|Any CPU
		{A472821D-69DB-44BC-A2E7-58DD72D3DFA8}.Debug|x64.Build.0 = Debug|Any CPU
		{A472821D-69DB-44BC-A2E7-58DD72D3DFA8}.Debug|x86.ActiveCfg = Debug|Any CPU
		{A472821D-69DB-44BC-A2E7-58DD72D3DFA8}.Debug|x86.Build.0 = Debug|Any CPU
		{A472821D-69DB-44BC-A2E7-58DD72D3DFA8}.Release|Any CPU.ActiveCfg = Release|Any CPU
		{A472821D-69DB-44BC-A2E7-58DD72D3DFA8}.Release|Any CPU.Build.0 = Release|Any CPU
		{A472821D-69DB-44BC-A2E7-58DD72D3DFA8}.Release|x64.ActiveCfg = Release|Any CPU
		{A472821D-69DB-44BC-A2E7-58DD72D3DFA8}.Release|x64.Build.0 = Release|Any CPU
		{A472821D-69DB-44BC-A2E7-58DD72D3DFA8}.Release|x86.ActiveCfg = Release|Any CPU
		{A472821D-69DB-44BC-A2E7-58DD72D3DFA8}.Release|x86.Build.0 = Release|Any CPU
		{95495033-90F9-4878-8A91-756E44831317}.Debug|Any CPU.ActiveCfg = Debug|Any CPU
		{95495033-90F9-4878-8A91-756E44831317}.Debug|Any CPU.Build.0 = Debug|Any CPU
		{95495033-90F9-4878-8A91-756E44831317}.Debug|x64.ActiveCfg = Debug|Any CPU
		{95495033-90F9-4878-8A91-756E44831317}.Debug|x64.Build.0 = Debug|Any CPU
		{95495033-90F9-4878-8A91-756E44831317}.Debug|x86.ActiveCfg = Debug|Any CPU
		{95495033-90F9-4878-8A91-756E44831317}.Debug|x86.Build.0 = Debug|Any CPU
		{95495033-90F9-4878-8A91-756E44831317}.Release|Any CPU.ActiveCfg = Release|Any CPU
		{95495033-90F9-4878-8A91-756E44831317}.Release|Any CPU.Build.0 = Release|Any CPU
		{95495033-90F9-4878-8A91-756E44831317}.Release|x64.ActiveCfg = Release|Any CPU
		{95495033-90F9-4878-8A91-756E44831317}.Release|x64.Build.0 = Release|Any CPU
		{95495033-90F9-4878-8A91-756E44831317}.Release|x86.ActiveCfg = Release|Any CPU
		{95495033-90F9-4878-8A91-756E44831317}.Release|x86.Build.0 = Release|Any CPU
		{B75BFB8C-336F-467D-BA1A-E607C4E1C67C}.Debug|Any CPU.ActiveCfg = Debug|Any CPU
		{B75BFB8C-336F-467D-BA1A-E607C4E1C67C}.Debug|Any CPU.Build.0 = Debug|Any CPU
		{B75BFB8C-336F-467D-BA1A-E607C4E1C67C}.Debug|x64.ActiveCfg = Debug|Any CPU
		{B75BFB8C-336F-467D-BA1A-E607C4E1C67C}.Debug|x64.Build.0 = Debug|Any CPU
		{B75BFB8C-336F-467D-BA1A-E607C4E1C67C}.Debug|x86.ActiveCfg = Debug|Any CPU
		{B75BFB8C-336F-467D-BA1A-E607C4E1C67C}.Debug|x86.Build.0 = Debug|Any CPU
		{B75BFB8C-336F-467D-BA1A-E607C4E1C67C}.Release|Any CPU.ActiveCfg = Release|Any CPU
		{B75BFB8C-336F-467D-BA1A-E607C4E1C67C}.Release|Any CPU.Build.0 = Release|Any CPU
		{B75BFB8C-336F-467D-BA1A-E607C4E1C67C}.Release|x64.ActiveCfg = Release|Any CPU
		{B75BFB8C-336F-467D-BA1A-E607C4E1C67C}.Release|x64.Build.0 = Release|Any CPU
		{B75BFB8C-336F-467D-BA1A-E607C4E1C67C}.Release|x86.ActiveCfg = Release|Any CPU
		{B75BFB8C-336F-467D-BA1A-E607C4E1C67C}.Release|x86.Build.0 = Release|Any CPU
		{C40DEF11-A164-4545-AD13-EC009AAC6437}.Debug|Any CPU.ActiveCfg = Debug|Any CPU
		{C40DEF11-A164-4545-AD13-EC009AAC6437}.Debug|Any CPU.Build.0 = Debug|Any CPU
		{C40DEF11-A164-4545-AD13-EC009AAC6437}.Debug|x64.ActiveCfg = Debug|Any CPU
		{C40DEF11-A164-4545-AD13-EC009AAC6437}.Debug|x64.Build.0 = Debug|Any CPU
		{C40DEF11-A164-4545-AD13-EC009AAC6437}.Debug|x86.ActiveCfg = Debug|Any CPU
		{C40DEF11-A164-4545-AD13-EC009AAC6437}.Debug|x86.Build.0 = Debug|Any CPU
		{C40DEF11-A164-4545-AD13-EC009AAC6437}.Release|Any CPU.ActiveCfg = Release|Any CPU
		{C40DEF11-A164-4545-AD13-EC009AAC6437}.Release|Any CPU.Build.0 = Release|Any CPU
		{C40DEF11-A164-4545-AD13-EC009AAC6437}.Release|x64.ActiveCfg = Release|Any CPU
		{C40DEF11-A164-4545-AD13-EC009AAC6437}.Release|x64.Build.0 = Release|Any CPU
		{C40DEF11-A164-4545-AD13-EC009AAC6437}.Release|x86.ActiveCfg = Release|Any CPU
		{C40DEF11-A164-4545-AD13-EC009AAC6437}.Release|x86.Build.0 = Release|Any CPU
		{B4D28B8C-F60E-44BA-9D87-7430FFE59D5E}.Debug|Any CPU.ActiveCfg = Debug|Any CPU
		{B4D28B8C-F60E-44BA-9D87-7430FFE59D5E}.Debug|Any CPU.Build.0 = Debug|Any CPU
		{B4D28B8C-F60E-44BA-9D87-7430FFE59D5E}.Debug|x64.ActiveCfg = Debug|Any CPU
		{B4D28B8C-F60E-44BA-9D87-7430FFE59D5E}.Debug|x64.Build.0 = Debug|Any CPU
		{B4D28B8C-F60E-44BA-9D87-7430FFE59D5E}.Debug|x86.ActiveCfg = Debug|Any CPU
		{B4D28B8C-F60E-44BA-9D87-7430FFE59D5E}.Debug|x86.Build.0 = Debug|Any CPU
		{B4D28B8C-F60E-44BA-9D87-7430FFE59D5E}.Release|Any CPU.ActiveCfg = Release|Any CPU
		{B4D28B8C-F60E-44BA-9D87-7430FFE59D5E}.Release|Any CPU.Build.0 = Release|Any CPU
		{B4D28B8C-F60E-44BA-9D87-7430FFE59D5E}.Release|x64.ActiveCfg = Release|Any CPU
		{B4D28B8C-F60E-44BA-9D87-7430FFE59D5E}.Release|x64.Build.0 = Release|Any CPU
		{B4D28B8C-F60E-44BA-9D87-7430FFE59D5E}.Release|x86.ActiveCfg = Release|Any CPU
		{B4D28B8C-F60E-44BA-9D87-7430FFE59D5E}.Release|x86.Build.0 = Release|Any CPU
		{F9AABEF5-2997-48EB-B4EC-B45C9A6E0D4C}.Debug|Any CPU.ActiveCfg = Debug|Any CPU
		{F9AABEF5-2997-48EB-B4EC-B45C9A6E0D4C}.Debug|Any CPU.Build.0 = Debug|Any CPU
		{F9AABEF5-2997-48EB-B4EC-B45C9A6E0D4C}.Debug|x64.ActiveCfg = Debug|Any CPU
		{F9AABEF5-2997-48EB-B4EC-B45C9A6E0D4C}.Debug|x64.Build.0 = Debug|Any CPU
		{F9AABEF5-2997-48EB-B4EC-B45C9A6E0D4C}.Debug|x86.ActiveCfg = Debug|Any CPU
		{F9AABEF5-2997-48EB-B4EC-B45C9A6E0D4C}.Debug|x86.Build.0 = Debug|Any CPU
		{F9AABEF5-2997-48EB-B4EC-B45C9A6E0D4C}.Release|Any CPU.ActiveCfg = Release|Any CPU
		{F9AABEF5-2997-48EB-B4EC-B45C9A6E0D4C}.Release|Any CPU.Build.0 = Release|Any CPU
		{F9AABEF5-2997-48EB-B4EC-B45C9A6E0D4C}.Release|x64.ActiveCfg = Release|Any CPU
		{F9AABEF5-2997-48EB-B4EC-B45C9A6E0D4C}.Release|x64.Build.0 = Release|Any CPU
		{F9AABEF5-2997-48EB-B4EC-B45C9A6E0D4C}.Release|x86.ActiveCfg = Release|Any CPU
		{F9AABEF5-2997-48EB-B4EC-B45C9A6E0D4C}.Release|x86.Build.0 = Release|Any CPU
		{043AF4A0-F538-4BDE-977A-EFFA195D4B66}.Debug|Any CPU.ActiveCfg = Debug|Any CPU
		{043AF4A0-F538-4BDE-977A-EFFA195D4B66}.Debug|Any CPU.Build.0 = Debug|Any CPU
		{043AF4A0-F538-4BDE-977A-EFFA195D4B66}.Debug|x64.ActiveCfg = Debug|Any CPU
		{043AF4A0-F538-4BDE-977A-EFFA195D4B66}.Debug|x64.Build.0 = Debug|Any CPU
		{043AF4A0-F538-4BDE-977A-EFFA195D4B66}.Debug|x86.ActiveCfg = Debug|Any CPU
		{043AF4A0-F538-4BDE-977A-EFFA195D4B66}.Debug|x86.Build.0 = Debug|Any CPU
		{043AF4A0-F538-4BDE-977A-EFFA195D4B66}.Release|Any CPU.ActiveCfg = Release|Any CPU
		{043AF4A0-F538-4BDE-977A-EFFA195D4B66}.Release|Any CPU.Build.0 = Release|Any CPU
		{043AF4A0-F538-4BDE-977A-EFFA195D4B66}.Release|x64.ActiveCfg = Release|Any CPU
		{043AF4A0-F538-4BDE-977A-EFFA195D4B66}.Release|x64.Build.0 = Release|Any CPU
		{043AF4A0-F538-4BDE-977A-EFFA195D4B66}.Release|x86.ActiveCfg = Release|Any CPU
		{043AF4A0-F538-4BDE-977A-EFFA195D4B66}.Release|x86.Build.0 = Release|Any CPU
	EndGlobalSection
	GlobalSection(SolutionProperties) = preSolution
		HideSolutionNode = FALSE
	EndGlobalSection
	GlobalSection(ExtensibilityGlobals) = postSolution
		SolutionGuid = {25AC110A-ABFF-4027-9235-AB85654B8FE8}
	EndGlobalSection
EndGlobal
