
Microsoft Visual Studio Solution File, Format Version 12.00
# Visual Studio Version 16
VisualStudioVersion = 16.0.29009.5
MinimumVisualStudioVersion = 15.0.26124.0
Project("{9A19103F-16F7-4668-BE54-9A1E7A4F7556}") = "Module.Api.Content", "Modules\Module.Api.Content\Module.Api.Content.csproj", "{07451B52-2E44-4C62-975D-8DE4721E043F}"
EndProject
Project("{9A19103F-16F7-4668-BE54-9A1E7A4F7556}") = "Module.Api.Auth", "Modules\Module.Api.Auth\Module.Api.Auth.csproj", "{F1FA116A-D69A-46DF-97CA-BD49DB4874A3}"
EndProject
Project("{9A19103F-16F7-4668-BE54-9A1E7A4F7556}") = "Camino.Business", "Libraries\Camino.Business\Camino.Business.csproj", "{A472821D-69DB-44BC-A2E7-58DD72D3DFA8}"
EndProject
Project("{9A19103F-16F7-4668-BE54-9A1E7A4F7556}") = "Camino.DAL", "Data\Camino.DAL\Camino.DAL.csproj", "{C40DEF11-A164-4545-AD13-EC009AAC6437}"
EndProject
Project("{9A19103F-16F7-4668-BE54-9A1E7A4F7556}") = "Camino.IdentityDAL", "Data\Camino.IdentityDAL\Camino.IdentityDAL.csproj", "{F9AABEF5-2997-48EB-B4EC-B45C9A6E0D4C}"
EndProject
Project("{2150E333-8FDC-42A3-9474-1A3956D46DE8}") = "Libraries", "Libraries", "{4D9DA488-891F-47E3-A5CC-39A8CD19D30C}"
EndProject
Project("{2150E333-8FDC-42A3-9474-1A3956D46DE8}") = "Modules", "Modules", "{62EA80CC-F9B7-4FA5-B137-B88152423276}"
EndProject
Project("{2150E333-8FDC-42A3-9474-1A3956D46DE8}") = "Presentation", "Presentation", "{9F7CDFBF-A3BB-470C-BB92-5C24709EF8AE}"
EndProject
Project("{9A19103F-16F7-4668-BE54-9A1E7A4F7556}") = "Camino.Framework", "Presentation\Camino.Framework\Camino.Framework.csproj", "{FB06DACF-4E30-48BE-9348-E22AC13243E1}"
EndProject
Project("{9A19103F-16F7-4668-BE54-9A1E7A4F7556}") = "Camino.Management", "Presentation\Camino.Management\Camino.Management.csproj", "{C77BE1F3-11C6-41C3-9D43-796BCB7FC7F5}"
EndProject
Project("{9A19103F-16F7-4668-BE54-9A1E7A4F7556}") = "Camino.ApiHost", "Presentation\Camino.ApiHost\Camino.ApiHost.csproj", "{7217DF81-52EB-4D0E-A69E-313AD8D09A85}"
EndProject
Project("{9A19103F-16F7-4668-BE54-9A1E7A4F7556}") = "Camino.Core", "Libraries\Camino.Core\Camino.Core.csproj", "{A0B5C63E-B97A-4E50-AEC9-2B50D6850497}"
EndProject
Project("{2150E333-8FDC-42A3-9474-1A3956D46DE8}") = "Data", "Data", "{09CBF2F7-97DA-461D-8444-010D705FAB94}"
EndProject
Project("{9A19103F-16F7-4668-BE54-9A1E7A4F7556}") = "Camino.Data", "Data\Camino.Data\Camino.Data.csproj", "{EFCFC078-A7CA-4C83-828B-EFDF983EE67D}"
EndProject
Project("{9A19103F-16F7-4668-BE54-9A1E7A4F7556}") = "Module.Api.File", "Modules\Module.Api.File\Module.Api.File.csproj", "{1F8D27F5-2EBD-47D8-BAE8-37905E175B32}"
EndProject
Project("{9A19103F-16F7-4668-BE54-9A1E7A4F7556}") = "Module.Web.ArticleManagement", "Modules\Module.Web.ArticleManagement\Module.Web.ArticleManagement.csproj", "{EE4DE461-1D13-48BD-817E-A26E096E6F0D}"
EndProject
Project("{9A19103F-16F7-4668-BE54-9A1E7A4F7556}") = "Module.Web.FarmManagement", "Modules\Module.Web.FarmManagement\Module.Web.FarmManagement.csproj", "{AD176F4B-EF72-4237-B1D8-682F2ABB675C}"
EndProject
Project("{9A19103F-16F7-4668-BE54-9A1E7A4F7556}") = "Module.Web.AssociationManagement", "Modules\Module.Web.AssociationManagement\Module.Web.AssociationManagement.csproj", "{718DE384-C548-4AE8-BB51-48D4E67B56ED}"
EndProject
Project("{9A19103F-16F7-4668-BE54-9A1E7A4F7556}") = "Module.Web.ProductManagement", "Modules\Module.Web.ProductManagement\Module.Web.ProductManagement.csproj", "{BC24217B-720C-4707-9BA0-0CEF67A1EFDB}"
EndProject
Project("{9A19103F-16F7-4668-BE54-9A1E7A4F7556}") = "Module.Web.SetupManagement", "Modules\Module.Web.SetupManagement\Module.Web.SetupManagement.csproj", "{56197341-73F3-4F41-9D93-A07BD75E29F1}"
EndProject
Project("{9A19103F-16F7-4668-BE54-9A1E7A4F7556}") = "Module.Web.AuthenticationManagement", "Modules\Module.Web.AuthenticationManagement\Module.Web.AuthenticationManagement.csproj", "{40D5A3C4-E663-40C9-A765-7252078B5B7E}"
EndProject
Project("{9A19103F-16F7-4668-BE54-9A1E7A4F7556}") = "Module.Web.AuthorizationManagement", "Modules\Module.Web.AuthorizationManagement\Module.Web.AuthorizationManagement.csproj", "{3CE71CCA-59AE-434E-AC81-A87318D1F63C}"
EndProject
Project("{9A19103F-16F7-4668-BE54-9A1E7A4F7556}") = "Module.Web.DashboardManagement", "Modules\Module.Web.DashboardManagement\Module.Web.DashboardManagement.csproj", "{5B86202B-3A9C-4171-814D-09B7CE7DE963}"
EndProject
Project("{9A19103F-16F7-4668-BE54-9A1E7A4F7556}") = "Camino.IdentityManager", "Libraries\Camino.IdentityManager\Camino.IdentityManager.csproj", "{910081C4-F9E3-44E1-82D3-3A0B036583DF}"
EndProject
Project("{9A19103F-16F7-4668-BE54-9A1E7A4F7556}") = "Module.Web.Navigation", "Modules\Module.Web.Navigation\Module.Web.Navigation.csproj", "{BCD9337B-8F1F-44B2-81A0-5A69AF939D82}"
EndProject
Project("{FAE04EC0-301F-11D3-BF4B-00C04F79EFBC}") = "Module.Web.IdentityManagement", "Modules\Module.Web.IdentityManagement\Module.Web.IdentityManagement.csproj", "{7A4D8107-9A3B-4769-BCED-10744CCFA7FC}"
EndProject
Global
	GlobalSection(SolutionConfigurationPlatforms) = preSolution
		Debug|Any CPU = Debug|Any CPU
		Debug|x64 = Debug|x64
		Debug|x86 = Debug|x86
		Release|Any CPU = Release|Any CPU
		Release|x64 = Release|x64
		Release|x86 = Release|x86
	EndGlobalSection
	GlobalSection(ProjectConfigurationPlatforms) = postSolution
		{07451B52-2E44-4C62-975D-8DE4721E043F}.Debug|Any CPU.ActiveCfg = Debug|Any CPU
		{07451B52-2E44-4C62-975D-8DE4721E043F}.Debug|Any CPU.Build.0 = Debug|Any CPU
		{07451B52-2E44-4C62-975D-8DE4721E043F}.Debug|x64.ActiveCfg = Debug|Any CPU
		{07451B52-2E44-4C62-975D-8DE4721E043F}.Debug|x64.Build.0 = Debug|Any CPU
		{07451B52-2E44-4C62-975D-8DE4721E043F}.Debug|x86.ActiveCfg = Debug|Any CPU
		{07451B52-2E44-4C62-975D-8DE4721E043F}.Debug|x86.Build.0 = Debug|Any CPU
		{07451B52-2E44-4C62-975D-8DE4721E043F}.Release|Any CPU.ActiveCfg = Release|Any CPU
		{07451B52-2E44-4C62-975D-8DE4721E043F}.Release|Any CPU.Build.0 = Release|Any CPU
		{07451B52-2E44-4C62-975D-8DE4721E043F}.Release|x64.ActiveCfg = Release|Any CPU
		{07451B52-2E44-4C62-975D-8DE4721E043F}.Release|x64.Build.0 = Release|Any CPU
		{07451B52-2E44-4C62-975D-8DE4721E043F}.Release|x86.ActiveCfg = Release|Any CPU
		{07451B52-2E44-4C62-975D-8DE4721E043F}.Release|x86.Build.0 = Release|Any CPU
		{F1FA116A-D69A-46DF-97CA-BD49DB4874A3}.Debug|Any CPU.ActiveCfg = Debug|Any CPU
		{F1FA116A-D69A-46DF-97CA-BD49DB4874A3}.Debug|Any CPU.Build.0 = Debug|Any CPU
		{F1FA116A-D69A-46DF-97CA-BD49DB4874A3}.Debug|x64.ActiveCfg = Debug|Any CPU
		{F1FA116A-D69A-46DF-97CA-BD49DB4874A3}.Debug|x64.Build.0 = Debug|Any CPU
		{F1FA116A-D69A-46DF-97CA-BD49DB4874A3}.Debug|x86.ActiveCfg = Debug|Any CPU
		{F1FA116A-D69A-46DF-97CA-BD49DB4874A3}.Debug|x86.Build.0 = Debug|Any CPU
		{F1FA116A-D69A-46DF-97CA-BD49DB4874A3}.Release|Any CPU.ActiveCfg = Release|Any CPU
		{F1FA116A-D69A-46DF-97CA-BD49DB4874A3}.Release|Any CPU.Build.0 = Release|Any CPU
		{F1FA116A-D69A-46DF-97CA-BD49DB4874A3}.Release|x64.ActiveCfg = Release|Any CPU
		{F1FA116A-D69A-46DF-97CA-BD49DB4874A3}.Release|x64.Build.0 = Release|Any CPU
		{F1FA116A-D69A-46DF-97CA-BD49DB4874A3}.Release|x86.ActiveCfg = Release|Any CPU
		{F1FA116A-D69A-46DF-97CA-BD49DB4874A3}.Release|x86.Build.0 = Release|Any CPU
		{A472821D-69DB-44BC-A2E7-58DD72D3DFA8}.Debug|Any CPU.ActiveCfg = Debug|Any CPU
		{A472821D-69DB-44BC-A2E7-58DD72D3DFA8}.Debug|Any CPU.Build.0 = Debug|Any CPU
		{A472821D-69DB-44BC-A2E7-58DD72D3DFA8}.Debug|x64.ActiveCfg = Debug|Any CPU
		{A472821D-69DB-44BC-A2E7-58DD72D3DFA8}.Debug|x64.Build.0 = Debug|Any CPU
		{A472821D-69DB-44BC-A2E7-58DD72D3DFA8}.Debug|x86.ActiveCfg = Debug|Any CPU
		{A472821D-69DB-44BC-A2E7-58DD72D3DFA8}.Debug|x86.Build.0 = Debug|Any CPU
		{A472821D-69DB-44BC-A2E7-58DD72D3DFA8}.Release|Any CPU.ActiveCfg = Release|Any CPU
		{A472821D-69DB-44BC-A2E7-58DD72D3DFA8}.Release|Any CPU.Build.0 = Release|Any CPU
		{A472821D-69DB-44BC-A2E7-58DD72D3DFA8}.Release|x64.ActiveCfg = Release|Any CPU
		{A472821D-69DB-44BC-A2E7-58DD72D3DFA8}.Release|x64.Build.0 = Release|Any CPU
		{A472821D-69DB-44BC-A2E7-58DD72D3DFA8}.Release|x86.ActiveCfg = Release|Any CPU
		{A472821D-69DB-44BC-A2E7-58DD72D3DFA8}.Release|x86.Build.0 = Release|Any CPU
		{C40DEF11-A164-4545-AD13-EC009AAC6437}.Debug|Any CPU.ActiveCfg = Debug|Any CPU
		{C40DEF11-A164-4545-AD13-EC009AAC6437}.Debug|Any CPU.Build.0 = Debug|Any CPU
		{C40DEF11-A164-4545-AD13-EC009AAC6437}.Debug|x64.ActiveCfg = Debug|Any CPU
		{C40DEF11-A164-4545-AD13-EC009AAC6437}.Debug|x64.Build.0 = Debug|Any CPU
		{C40DEF11-A164-4545-AD13-EC009AAC6437}.Debug|x86.ActiveCfg = Debug|Any CPU
		{C40DEF11-A164-4545-AD13-EC009AAC6437}.Debug|x86.Build.0 = Debug|Any CPU
		{C40DEF11-A164-4545-AD13-EC009AAC6437}.Release|Any CPU.ActiveCfg = Release|Any CPU
		{C40DEF11-A164-4545-AD13-EC009AAC6437}.Release|Any CPU.Build.0 = Release|Any CPU
		{C40DEF11-A164-4545-AD13-EC009AAC6437}.Release|x64.ActiveCfg = Release|Any CPU
		{C40DEF11-A164-4545-AD13-EC009AAC6437}.Release|x64.Build.0 = Release|Any CPU
		{C40DEF11-A164-4545-AD13-EC009AAC6437}.Release|x86.ActiveCfg = Release|Any CPU
		{C40DEF11-A164-4545-AD13-EC009AAC6437}.Release|x86.Build.0 = Release|Any CPU
		{F9AABEF5-2997-48EB-B4EC-B45C9A6E0D4C}.Debug|Any CPU.ActiveCfg = Debug|Any CPU
		{F9AABEF5-2997-48EB-B4EC-B45C9A6E0D4C}.Debug|Any CPU.Build.0 = Debug|Any CPU
		{F9AABEF5-2997-48EB-B4EC-B45C9A6E0D4C}.Debug|x64.ActiveCfg = Debug|Any CPU
		{F9AABEF5-2997-48EB-B4EC-B45C9A6E0D4C}.Debug|x64.Build.0 = Debug|Any CPU
		{F9AABEF5-2997-48EB-B4EC-B45C9A6E0D4C}.Debug|x86.ActiveCfg = Debug|Any CPU
		{F9AABEF5-2997-48EB-B4EC-B45C9A6E0D4C}.Debug|x86.Build.0 = Debug|Any CPU
		{F9AABEF5-2997-48EB-B4EC-B45C9A6E0D4C}.Release|Any CPU.ActiveCfg = Release|Any CPU
		{F9AABEF5-2997-48EB-B4EC-B45C9A6E0D4C}.Release|Any CPU.Build.0 = Release|Any CPU
		{F9AABEF5-2997-48EB-B4EC-B45C9A6E0D4C}.Release|x64.ActiveCfg = Release|Any CPU
		{F9AABEF5-2997-48EB-B4EC-B45C9A6E0D4C}.Release|x64.Build.0 = Release|Any CPU
		{F9AABEF5-2997-48EB-B4EC-B45C9A6E0D4C}.Release|x86.ActiveCfg = Release|Any CPU
		{F9AABEF5-2997-48EB-B4EC-B45C9A6E0D4C}.Release|x86.Build.0 = Release|Any CPU
		{FB06DACF-4E30-48BE-9348-E22AC13243E1}.Debug|Any CPU.ActiveCfg = Debug|Any CPU
		{FB06DACF-4E30-48BE-9348-E22AC13243E1}.Debug|Any CPU.Build.0 = Debug|Any CPU
		{FB06DACF-4E30-48BE-9348-E22AC13243E1}.Debug|x64.ActiveCfg = Debug|Any CPU
		{FB06DACF-4E30-48BE-9348-E22AC13243E1}.Debug|x64.Build.0 = Debug|Any CPU
		{FB06DACF-4E30-48BE-9348-E22AC13243E1}.Debug|x86.ActiveCfg = Debug|Any CPU
		{FB06DACF-4E30-48BE-9348-E22AC13243E1}.Debug|x86.Build.0 = Debug|Any CPU
		{FB06DACF-4E30-48BE-9348-E22AC13243E1}.Release|Any CPU.ActiveCfg = Release|Any CPU
		{FB06DACF-4E30-48BE-9348-E22AC13243E1}.Release|Any CPU.Build.0 = Release|Any CPU
		{FB06DACF-4E30-48BE-9348-E22AC13243E1}.Release|x64.ActiveCfg = Release|Any CPU
		{FB06DACF-4E30-48BE-9348-E22AC13243E1}.Release|x64.Build.0 = Release|Any CPU
		{FB06DACF-4E30-48BE-9348-E22AC13243E1}.Release|x86.ActiveCfg = Release|Any CPU
		{FB06DACF-4E30-48BE-9348-E22AC13243E1}.Release|x86.Build.0 = Release|Any CPU
		{C77BE1F3-11C6-41C3-9D43-796BCB7FC7F5}.Debug|Any CPU.ActiveCfg = Debug|Any CPU
		{C77BE1F3-11C6-41C3-9D43-796BCB7FC7F5}.Debug|Any CPU.Build.0 = Debug|Any CPU
		{C77BE1F3-11C6-41C3-9D43-796BCB7FC7F5}.Debug|x64.ActiveCfg = Debug|Any CPU
		{C77BE1F3-11C6-41C3-9D43-796BCB7FC7F5}.Debug|x64.Build.0 = Debug|Any CPU
		{C77BE1F3-11C6-41C3-9D43-796BCB7FC7F5}.Debug|x86.ActiveCfg = Debug|Any CPU
		{C77BE1F3-11C6-41C3-9D43-796BCB7FC7F5}.Debug|x86.Build.0 = Debug|Any CPU
		{C77BE1F3-11C6-41C3-9D43-796BCB7FC7F5}.Release|Any CPU.ActiveCfg = Release|Any CPU
		{C77BE1F3-11C6-41C3-9D43-796BCB7FC7F5}.Release|Any CPU.Build.0 = Release|Any CPU
		{C77BE1F3-11C6-41C3-9D43-796BCB7FC7F5}.Release|x64.ActiveCfg = Release|Any CPU
		{C77BE1F3-11C6-41C3-9D43-796BCB7FC7F5}.Release|x64.Build.0 = Release|Any CPU
		{C77BE1F3-11C6-41C3-9D43-796BCB7FC7F5}.Release|x86.ActiveCfg = Release|Any CPU
		{C77BE1F3-11C6-41C3-9D43-796BCB7FC7F5}.Release|x86.Build.0 = Release|Any CPU
		{7217DF81-52EB-4D0E-A69E-313AD8D09A85}.Debug|Any CPU.ActiveCfg = Debug|Any CPU
		{7217DF81-52EB-4D0E-A69E-313AD8D09A85}.Debug|Any CPU.Build.0 = Debug|Any CPU
		{7217DF81-52EB-4D0E-A69E-313AD8D09A85}.Debug|x64.ActiveCfg = Debug|Any CPU
		{7217DF81-52EB-4D0E-A69E-313AD8D09A85}.Debug|x64.Build.0 = Debug|Any CPU
		{7217DF81-52EB-4D0E-A69E-313AD8D09A85}.Debug|x86.ActiveCfg = Debug|Any CPU
		{7217DF81-52EB-4D0E-A69E-313AD8D09A85}.Debug|x86.Build.0 = Debug|Any CPU
		{7217DF81-52EB-4D0E-A69E-313AD8D09A85}.Release|Any CPU.ActiveCfg = Release|Any CPU
		{7217DF81-52EB-4D0E-A69E-313AD8D09A85}.Release|Any CPU.Build.0 = Release|Any CPU
		{7217DF81-52EB-4D0E-A69E-313AD8D09A85}.Release|x64.ActiveCfg = Release|Any CPU
		{7217DF81-52EB-4D0E-A69E-313AD8D09A85}.Release|x64.Build.0 = Release|Any CPU
		{7217DF81-52EB-4D0E-A69E-313AD8D09A85}.Release|x86.ActiveCfg = Release|Any CPU
		{7217DF81-52EB-4D0E-A69E-313AD8D09A85}.Release|x86.Build.0 = Release|Any CPU
		{A0B5C63E-B97A-4E50-AEC9-2B50D6850497}.Debug|Any CPU.ActiveCfg = Debug|Any CPU
		{A0B5C63E-B97A-4E50-AEC9-2B50D6850497}.Debug|Any CPU.Build.0 = Debug|Any CPU
		{A0B5C63E-B97A-4E50-AEC9-2B50D6850497}.Debug|x64.ActiveCfg = Debug|Any CPU
		{A0B5C63E-B97A-4E50-AEC9-2B50D6850497}.Debug|x64.Build.0 = Debug|Any CPU
		{A0B5C63E-B97A-4E50-AEC9-2B50D6850497}.Debug|x86.ActiveCfg = Debug|Any CPU
		{A0B5C63E-B97A-4E50-AEC9-2B50D6850497}.Debug|x86.Build.0 = Debug|Any CPU
		{A0B5C63E-B97A-4E50-AEC9-2B50D6850497}.Release|Any CPU.ActiveCfg = Release|Any CPU
		{A0B5C63E-B97A-4E50-AEC9-2B50D6850497}.Release|Any CPU.Build.0 = Release|Any CPU
		{A0B5C63E-B97A-4E50-AEC9-2B50D6850497}.Release|x64.ActiveCfg = Release|Any CPU
		{A0B5C63E-B97A-4E50-AEC9-2B50D6850497}.Release|x64.Build.0 = Release|Any CPU
		{A0B5C63E-B97A-4E50-AEC9-2B50D6850497}.Release|x86.ActiveCfg = Release|Any CPU
		{A0B5C63E-B97A-4E50-AEC9-2B50D6850497}.Release|x86.Build.0 = Release|Any CPU
		{EFCFC078-A7CA-4C83-828B-EFDF983EE67D}.Debug|Any CPU.ActiveCfg = Debug|Any CPU
		{EFCFC078-A7CA-4C83-828B-EFDF983EE67D}.Debug|Any CPU.Build.0 = Debug|Any CPU
		{EFCFC078-A7CA-4C83-828B-EFDF983EE67D}.Debug|x64.ActiveCfg = Debug|Any CPU
		{EFCFC078-A7CA-4C83-828B-EFDF983EE67D}.Debug|x64.Build.0 = Debug|Any CPU
		{EFCFC078-A7CA-4C83-828B-EFDF983EE67D}.Debug|x86.ActiveCfg = Debug|Any CPU
		{EFCFC078-A7CA-4C83-828B-EFDF983EE67D}.Debug|x86.Build.0 = Debug|Any CPU
		{EFCFC078-A7CA-4C83-828B-EFDF983EE67D}.Release|Any CPU.ActiveCfg = Release|Any CPU
		{EFCFC078-A7CA-4C83-828B-EFDF983EE67D}.Release|Any CPU.Build.0 = Release|Any CPU
		{EFCFC078-A7CA-4C83-828B-EFDF983EE67D}.Release|x64.ActiveCfg = Release|Any CPU
		{EFCFC078-A7CA-4C83-828B-EFDF983EE67D}.Release|x64.Build.0 = Release|Any CPU
		{EFCFC078-A7CA-4C83-828B-EFDF983EE67D}.Release|x86.ActiveCfg = Release|Any CPU
		{EFCFC078-A7CA-4C83-828B-EFDF983EE67D}.Release|x86.Build.0 = Release|Any CPU
		{1F8D27F5-2EBD-47D8-BAE8-37905E175B32}.Debug|Any CPU.ActiveCfg = Debug|Any CPU
		{1F8D27F5-2EBD-47D8-BAE8-37905E175B32}.Debug|Any CPU.Build.0 = Debug|Any CPU
		{1F8D27F5-2EBD-47D8-BAE8-37905E175B32}.Debug|x64.ActiveCfg = Debug|Any CPU
		{1F8D27F5-2EBD-47D8-BAE8-37905E175B32}.Debug|x64.Build.0 = Debug|Any CPU
		{1F8D27F5-2EBD-47D8-BAE8-37905E175B32}.Debug|x86.ActiveCfg = Debug|Any CPU
		{1F8D27F5-2EBD-47D8-BAE8-37905E175B32}.Debug|x86.Build.0 = Debug|Any CPU
		{1F8D27F5-2EBD-47D8-BAE8-37905E175B32}.Release|Any CPU.ActiveCfg = Release|Any CPU
		{1F8D27F5-2EBD-47D8-BAE8-37905E175B32}.Release|Any CPU.Build.0 = Release|Any CPU
		{1F8D27F5-2EBD-47D8-BAE8-37905E175B32}.Release|x64.ActiveCfg = Release|Any CPU
		{1F8D27F5-2EBD-47D8-BAE8-37905E175B32}.Release|x64.Build.0 = Release|Any CPU
		{1F8D27F5-2EBD-47D8-BAE8-37905E175B32}.Release|x86.ActiveCfg = Release|Any CPU
		{1F8D27F5-2EBD-47D8-BAE8-37905E175B32}.Release|x86.Build.0 = Release|Any CPU
		{EE4DE461-1D13-48BD-817E-A26E096E6F0D}.Debug|Any CPU.ActiveCfg = Debug|Any CPU
		{EE4DE461-1D13-48BD-817E-A26E096E6F0D}.Debug|Any CPU.Build.0 = Debug|Any CPU
		{EE4DE461-1D13-48BD-817E-A26E096E6F0D}.Debug|x64.ActiveCfg = Debug|Any CPU
		{EE4DE461-1D13-48BD-817E-A26E096E6F0D}.Debug|x64.Build.0 = Debug|Any CPU
		{EE4DE461-1D13-48BD-817E-A26E096E6F0D}.Debug|x86.ActiveCfg = Debug|Any CPU
		{EE4DE461-1D13-48BD-817E-A26E096E6F0D}.Debug|x86.Build.0 = Debug|Any CPU
		{EE4DE461-1D13-48BD-817E-A26E096E6F0D}.Release|Any CPU.ActiveCfg = Release|Any CPU
		{EE4DE461-1D13-48BD-817E-A26E096E6F0D}.Release|Any CPU.Build.0 = Release|Any CPU
		{EE4DE461-1D13-48BD-817E-A26E096E6F0D}.Release|x64.ActiveCfg = Release|Any CPU
		{EE4DE461-1D13-48BD-817E-A26E096E6F0D}.Release|x64.Build.0 = Release|Any CPU
		{EE4DE461-1D13-48BD-817E-A26E096E6F0D}.Release|x86.ActiveCfg = Release|Any CPU
		{EE4DE461-1D13-48BD-817E-A26E096E6F0D}.Release|x86.Build.0 = Release|Any CPU
		{AD176F4B-EF72-4237-B1D8-682F2ABB675C}.Debug|Any CPU.ActiveCfg = Debug|Any CPU
		{AD176F4B-EF72-4237-B1D8-682F2ABB675C}.Debug|Any CPU.Build.0 = Debug|Any CPU
		{AD176F4B-EF72-4237-B1D8-682F2ABB675C}.Debug|x64.ActiveCfg = Debug|Any CPU
		{AD176F4B-EF72-4237-B1D8-682F2ABB675C}.Debug|x64.Build.0 = Debug|Any CPU
		{AD176F4B-EF72-4237-B1D8-682F2ABB675C}.Debug|x86.ActiveCfg = Debug|Any CPU
		{AD176F4B-EF72-4237-B1D8-682F2ABB675C}.Debug|x86.Build.0 = Debug|Any CPU
		{AD176F4B-EF72-4237-B1D8-682F2ABB675C}.Release|Any CPU.ActiveCfg = Release|Any CPU
		{AD176F4B-EF72-4237-B1D8-682F2ABB675C}.Release|Any CPU.Build.0 = Release|Any CPU
		{AD176F4B-EF72-4237-B1D8-682F2ABB675C}.Release|x64.ActiveCfg = Release|Any CPU
		{AD176F4B-EF72-4237-B1D8-682F2ABB675C}.Release|x64.Build.0 = Release|Any CPU
		{AD176F4B-EF72-4237-B1D8-682F2ABB675C}.Release|x86.ActiveCfg = Release|Any CPU
		{AD176F4B-EF72-4237-B1D8-682F2ABB675C}.Release|x86.Build.0 = Release|Any CPU
		{718DE384-C548-4AE8-BB51-48D4E67B56ED}.Debug|Any CPU.ActiveCfg = Debug|Any CPU
		{718DE384-C548-4AE8-BB51-48D4E67B56ED}.Debug|Any CPU.Build.0 = Debug|Any CPU
		{718DE384-C548-4AE8-BB51-48D4E67B56ED}.Debug|x64.ActiveCfg = Debug|Any CPU
		{718DE384-C548-4AE8-BB51-48D4E67B56ED}.Debug|x64.Build.0 = Debug|Any CPU
		{718DE384-C548-4AE8-BB51-48D4E67B56ED}.Debug|x86.ActiveCfg = Debug|Any CPU
		{718DE384-C548-4AE8-BB51-48D4E67B56ED}.Debug|x86.Build.0 = Debug|Any CPU
		{718DE384-C548-4AE8-BB51-48D4E67B56ED}.Release|Any CPU.ActiveCfg = Release|Any CPU
		{718DE384-C548-4AE8-BB51-48D4E67B56ED}.Release|Any CPU.Build.0 = Release|Any CPU
		{718DE384-C548-4AE8-BB51-48D4E67B56ED}.Release|x64.ActiveCfg = Release|Any CPU
		{718DE384-C548-4AE8-BB51-48D4E67B56ED}.Release|x64.Build.0 = Release|Any CPU
		{718DE384-C548-4AE8-BB51-48D4E67B56ED}.Release|x86.ActiveCfg = Release|Any CPU
		{718DE384-C548-4AE8-BB51-48D4E67B56ED}.Release|x86.Build.0 = Release|Any CPU
		{BC24217B-720C-4707-9BA0-0CEF67A1EFDB}.Debug|Any CPU.ActiveCfg = Debug|Any CPU
		{BC24217B-720C-4707-9BA0-0CEF67A1EFDB}.Debug|Any CPU.Build.0 = Debug|Any CPU
		{BC24217B-720C-4707-9BA0-0CEF67A1EFDB}.Debug|x64.ActiveCfg = Debug|Any CPU
		{BC24217B-720C-4707-9BA0-0CEF67A1EFDB}.Debug|x64.Build.0 = Debug|Any CPU
		{BC24217B-720C-4707-9BA0-0CEF67A1EFDB}.Debug|x86.ActiveCfg = Debug|Any CPU
		{BC24217B-720C-4707-9BA0-0CEF67A1EFDB}.Debug|x86.Build.0 = Debug|Any CPU
		{BC24217B-720C-4707-9BA0-0CEF67A1EFDB}.Release|Any CPU.ActiveCfg = Release|Any CPU
		{BC24217B-720C-4707-9BA0-0CEF67A1EFDB}.Release|Any CPU.Build.0 = Release|Any CPU
		{BC24217B-720C-4707-9BA0-0CEF67A1EFDB}.Release|x64.ActiveCfg = Release|Any CPU
		{BC24217B-720C-4707-9BA0-0CEF67A1EFDB}.Release|x64.Build.0 = Release|Any CPU
		{BC24217B-720C-4707-9BA0-0CEF67A1EFDB}.Release|x86.ActiveCfg = Release|Any CPU
		{BC24217B-720C-4707-9BA0-0CEF67A1EFDB}.Release|x86.Build.0 = Release|Any CPU
		{56197341-73F3-4F41-9D93-A07BD75E29F1}.Debug|Any CPU.ActiveCfg = Debug|Any CPU
		{56197341-73F3-4F41-9D93-A07BD75E29F1}.Debug|Any CPU.Build.0 = Debug|Any CPU
		{56197341-73F3-4F41-9D93-A07BD75E29F1}.Debug|x64.ActiveCfg = Debug|Any CPU
		{56197341-73F3-4F41-9D93-A07BD75E29F1}.Debug|x64.Build.0 = Debug|Any CPU
		{56197341-73F3-4F41-9D93-A07BD75E29F1}.Debug|x86.ActiveCfg = Debug|Any CPU
		{56197341-73F3-4F41-9D93-A07BD75E29F1}.Debug|x86.Build.0 = Debug|Any CPU
		{56197341-73F3-4F41-9D93-A07BD75E29F1}.Release|Any CPU.ActiveCfg = Release|Any CPU
		{56197341-73F3-4F41-9D93-A07BD75E29F1}.Release|Any CPU.Build.0 = Release|Any CPU
		{56197341-73F3-4F41-9D93-A07BD75E29F1}.Release|x64.ActiveCfg = Release|Any CPU
		{56197341-73F3-4F41-9D93-A07BD75E29F1}.Release|x64.Build.0 = Release|Any CPU
		{56197341-73F3-4F41-9D93-A07BD75E29F1}.Release|x86.ActiveCfg = Release|Any CPU
		{56197341-73F3-4F41-9D93-A07BD75E29F1}.Release|x86.Build.0 = Release|Any CPU
		{40D5A3C4-E663-40C9-A765-7252078B5B7E}.Debug|Any CPU.ActiveCfg = Debug|Any CPU
		{40D5A3C4-E663-40C9-A765-7252078B5B7E}.Debug|Any CPU.Build.0 = Debug|Any CPU
		{40D5A3C4-E663-40C9-A765-7252078B5B7E}.Debug|x64.ActiveCfg = Debug|Any CPU
		{40D5A3C4-E663-40C9-A765-7252078B5B7E}.Debug|x64.Build.0 = Debug|Any CPU
		{40D5A3C4-E663-40C9-A765-7252078B5B7E}.Debug|x86.ActiveCfg = Debug|Any CPU
		{40D5A3C4-E663-40C9-A765-7252078B5B7E}.Debug|x86.Build.0 = Debug|Any CPU
		{40D5A3C4-E663-40C9-A765-7252078B5B7E}.Release|Any CPU.ActiveCfg = Release|Any CPU
		{40D5A3C4-E663-40C9-A765-7252078B5B7E}.Release|Any CPU.Build.0 = Release|Any CPU
		{40D5A3C4-E663-40C9-A765-7252078B5B7E}.Release|x64.ActiveCfg = Release|Any CPU
		{40D5A3C4-E663-40C9-A765-7252078B5B7E}.Release|x64.Build.0 = Release|Any CPU
		{40D5A3C4-E663-40C9-A765-7252078B5B7E}.Release|x86.ActiveCfg = Release|Any CPU
		{40D5A3C4-E663-40C9-A765-7252078B5B7E}.Release|x86.Build.0 = Release|Any CPU
		{3CE71CCA-59AE-434E-AC81-A87318D1F63C}.Debug|Any CPU.ActiveCfg = Debug|Any CPU
		{3CE71CCA-59AE-434E-AC81-A87318D1F63C}.Debug|Any CPU.Build.0 = Debug|Any CPU
		{3CE71CCA-59AE-434E-AC81-A87318D1F63C}.Debug|x64.ActiveCfg = Debug|Any CPU
		{3CE71CCA-59AE-434E-AC81-A87318D1F63C}.Debug|x64.Build.0 = Debug|Any CPU
		{3CE71CCA-59AE-434E-AC81-A87318D1F63C}.Debug|x86.ActiveCfg = Debug|Any CPU
		{3CE71CCA-59AE-434E-AC81-A87318D1F63C}.Debug|x86.Build.0 = Debug|Any CPU
		{3CE71CCA-59AE-434E-AC81-A87318D1F63C}.Release|Any CPU.ActiveCfg = Release|Any CPU
		{3CE71CCA-59AE-434E-AC81-A87318D1F63C}.Release|Any CPU.Build.0 = Release|Any CPU
		{3CE71CCA-59AE-434E-AC81-A87318D1F63C}.Release|x64.ActiveCfg = Release|Any CPU
		{3CE71CCA-59AE-434E-AC81-A87318D1F63C}.Release|x64.Build.0 = Release|Any CPU
		{3CE71CCA-59AE-434E-AC81-A87318D1F63C}.Release|x86.ActiveCfg = Release|Any CPU
		{3CE71CCA-59AE-434E-AC81-A87318D1F63C}.Release|x86.Build.0 = Release|Any CPU
		{5B86202B-3A9C-4171-814D-09B7CE7DE963}.Debug|Any CPU.ActiveCfg = Debug|Any CPU
		{5B86202B-3A9C-4171-814D-09B7CE7DE963}.Debug|Any CPU.Build.0 = Debug|Any CPU
		{5B86202B-3A9C-4171-814D-09B7CE7DE963}.Debug|x64.ActiveCfg = Debug|Any CPU
		{5B86202B-3A9C-4171-814D-09B7CE7DE963}.Debug|x64.Build.0 = Debug|Any CPU
		{5B86202B-3A9C-4171-814D-09B7CE7DE963}.Debug|x86.ActiveCfg = Debug|Any CPU
		{5B86202B-3A9C-4171-814D-09B7CE7DE963}.Debug|x86.Build.0 = Debug|Any CPU
		{5B86202B-3A9C-4171-814D-09B7CE7DE963}.Release|Any CPU.ActiveCfg = Release|Any CPU
		{5B86202B-3A9C-4171-814D-09B7CE7DE963}.Release|Any CPU.Build.0 = Release|Any CPU
		{5B86202B-3A9C-4171-814D-09B7CE7DE963}.Release|x64.ActiveCfg = Release|Any CPU
		{5B86202B-3A9C-4171-814D-09B7CE7DE963}.Release|x64.Build.0 = Release|Any CPU
		{5B86202B-3A9C-4171-814D-09B7CE7DE963}.Release|x86.ActiveCfg = Release|Any CPU
		{5B86202B-3A9C-4171-814D-09B7CE7DE963}.Release|x86.Build.0 = Release|Any CPU
		{910081C4-F9E3-44E1-82D3-3A0B036583DF}.Debug|Any CPU.ActiveCfg = Debug|Any CPU
		{910081C4-F9E3-44E1-82D3-3A0B036583DF}.Debug|Any CPU.Build.0 = Debug|Any CPU
		{910081C4-F9E3-44E1-82D3-3A0B036583DF}.Debug|x64.ActiveCfg = Debug|Any CPU
		{910081C4-F9E3-44E1-82D3-3A0B036583DF}.Debug|x64.Build.0 = Debug|Any CPU
		{910081C4-F9E3-44E1-82D3-3A0B036583DF}.Debug|x86.ActiveCfg = Debug|Any CPU
		{910081C4-F9E3-44E1-82D3-3A0B036583DF}.Debug|x86.Build.0 = Debug|Any CPU
		{910081C4-F9E3-44E1-82D3-3A0B036583DF}.Release|Any CPU.ActiveCfg = Release|Any CPU
		{910081C4-F9E3-44E1-82D3-3A0B036583DF}.Release|Any CPU.Build.0 = Release|Any CPU
		{910081C4-F9E3-44E1-82D3-3A0B036583DF}.Release|x64.ActiveCfg = Release|Any CPU
		{910081C4-F9E3-44E1-82D3-3A0B036583DF}.Release|x64.Build.0 = Release|Any CPU
		{910081C4-F9E3-44E1-82D3-3A0B036583DF}.Release|x86.ActiveCfg = Release|Any CPU
		{910081C4-F9E3-44E1-82D3-3A0B036583DF}.Release|x86.Build.0 = Release|Any CPU
		{BCD9337B-8F1F-44B2-81A0-5A69AF939D82}.Debug|Any CPU.ActiveCfg = Debug|Any CPU
		{BCD9337B-8F1F-44B2-81A0-5A69AF939D82}.Debug|Any CPU.Build.0 = Debug|Any CPU
		{BCD9337B-8F1F-44B2-81A0-5A69AF939D82}.Debug|x64.ActiveCfg = Debug|Any CPU
		{BCD9337B-8F1F-44B2-81A0-5A69AF939D82}.Debug|x64.Build.0 = Debug|Any CPU
		{BCD9337B-8F1F-44B2-81A0-5A69AF939D82}.Debug|x86.ActiveCfg = Debug|Any CPU
		{BCD9337B-8F1F-44B2-81A0-5A69AF939D82}.Debug|x86.Build.0 = Debug|Any CPU
		{BCD9337B-8F1F-44B2-81A0-5A69AF939D82}.Release|Any CPU.ActiveCfg = Release|Any CPU
		{BCD9337B-8F1F-44B2-81A0-5A69AF939D82}.Release|Any CPU.Build.0 = Release|Any CPU
		{BCD9337B-8F1F-44B2-81A0-5A69AF939D82}.Release|x64.ActiveCfg = Release|Any CPU
		{BCD9337B-8F1F-44B2-81A0-5A69AF939D82}.Release|x64.Build.0 = Release|Any CPU
		{BCD9337B-8F1F-44B2-81A0-5A69AF939D82}.Release|x86.ActiveCfg = Release|Any CPU
		{BCD9337B-8F1F-44B2-81A0-5A69AF939D82}.Release|x86.Build.0 = Release|Any CPU
		{7A4D8107-9A3B-4769-BCED-10744CCFA7FC}.Debug|Any CPU.ActiveCfg = Debug|Any CPU
		{7A4D8107-9A3B-4769-BCED-10744CCFA7FC}.Debug|Any CPU.Build.0 = Debug|Any CPU
		{7A4D8107-9A3B-4769-BCED-10744CCFA7FC}.Debug|x64.ActiveCfg = Debug|Any CPU
		{7A4D8107-9A3B-4769-BCED-10744CCFA7FC}.Debug|x64.Build.0 = Debug|Any CPU
		{7A4D8107-9A3B-4769-BCED-10744CCFA7FC}.Debug|x86.ActiveCfg = Debug|Any CPU
		{7A4D8107-9A3B-4769-BCED-10744CCFA7FC}.Debug|x86.Build.0 = Debug|Any CPU
		{7A4D8107-9A3B-4769-BCED-10744CCFA7FC}.Release|Any CPU.ActiveCfg = Release|Any CPU
		{7A4D8107-9A3B-4769-BCED-10744CCFA7FC}.Release|Any CPU.Build.0 = Release|Any CPU
		{7A4D8107-9A3B-4769-BCED-10744CCFA7FC}.Release|x64.ActiveCfg = Release|Any CPU
		{7A4D8107-9A3B-4769-BCED-10744CCFA7FC}.Release|x64.Build.0 = Release|Any CPU
		{7A4D8107-9A3B-4769-BCED-10744CCFA7FC}.Release|x86.ActiveCfg = Release|Any CPU
		{7A4D8107-9A3B-4769-BCED-10744CCFA7FC}.Release|x86.Build.0 = Release|Any CPU
	EndGlobalSection
	GlobalSection(SolutionProperties) = preSolution
		HideSolutionNode = FALSE
	EndGlobalSection
	GlobalSection(NestedProjects) = preSolution
		{07451B52-2E44-4C62-975D-8DE4721E043F} = {62EA80CC-F9B7-4FA5-B137-B88152423276}
		{F1FA116A-D69A-46DF-97CA-BD49DB4874A3} = {62EA80CC-F9B7-4FA5-B137-B88152423276}
		{A472821D-69DB-44BC-A2E7-58DD72D3DFA8} = {4D9DA488-891F-47E3-A5CC-39A8CD19D30C}
		{C40DEF11-A164-4545-AD13-EC009AAC6437} = {09CBF2F7-97DA-461D-8444-010D705FAB94}
		{F9AABEF5-2997-48EB-B4EC-B45C9A6E0D4C} = {09CBF2F7-97DA-461D-8444-010D705FAB94}
		{FB06DACF-4E30-48BE-9348-E22AC13243E1} = {9F7CDFBF-A3BB-470C-BB92-5C24709EF8AE}
		{C77BE1F3-11C6-41C3-9D43-796BCB7FC7F5} = {9F7CDFBF-A3BB-470C-BB92-5C24709EF8AE}
		{7217DF81-52EB-4D0E-A69E-313AD8D09A85} = {9F7CDFBF-A3BB-470C-BB92-5C24709EF8AE}
		{A0B5C63E-B97A-4E50-AEC9-2B50D6850497} = {4D9DA488-891F-47E3-A5CC-39A8CD19D30C}
		{EFCFC078-A7CA-4C83-828B-EFDF983EE67D} = {09CBF2F7-97DA-461D-8444-010D705FAB94}
		{1F8D27F5-2EBD-47D8-BAE8-37905E175B32} = {62EA80CC-F9B7-4FA5-B137-B88152423276}
		{EE4DE461-1D13-48BD-817E-A26E096E6F0D} = {62EA80CC-F9B7-4FA5-B137-B88152423276}
		{AD176F4B-EF72-4237-B1D8-682F2ABB675C} = {62EA80CC-F9B7-4FA5-B137-B88152423276}
		{718DE384-C548-4AE8-BB51-48D4E67B56ED} = {62EA80CC-F9B7-4FA5-B137-B88152423276}
		{BC24217B-720C-4707-9BA0-0CEF67A1EFDB} = {62EA80CC-F9B7-4FA5-B137-B88152423276}
		{56197341-73F3-4F41-9D93-A07BD75E29F1} = {62EA80CC-F9B7-4FA5-B137-B88152423276}
		{40D5A3C4-E663-40C9-A765-7252078B5B7E} = {62EA80CC-F9B7-4FA5-B137-B88152423276}
		{3CE71CCA-59AE-434E-AC81-A87318D1F63C} = {62EA80CC-F9B7-4FA5-B137-B88152423276}
		{5B86202B-3A9C-4171-814D-09B7CE7DE963} = {62EA80CC-F9B7-4FA5-B137-B88152423276}
		{910081C4-F9E3-44E1-82D3-3A0B036583DF} = {4D9DA488-891F-47E3-A5CC-39A8CD19D30C}
		{BCD9337B-8F1F-44B2-81A0-5A69AF939D82} = {62EA80CC-F9B7-4FA5-B137-B88152423276}
		{7A4D8107-9A3B-4769-BCED-10744CCFA7FC} = {62EA80CC-F9B7-4FA5-B137-B88152423276}
	EndGlobalSection
	GlobalSection(ExtensibilityGlobals) = postSolution
		SolutionGuid = {25AC110A-ABFF-4027-9235-AB85654B8FE8}
	EndGlobalSection
EndGlobal
